
Microsoft Visual Studio Solution File, Format Version 12.00
Project("{FAE04EC0-301F-11D3-BF4B-00C04F79EFBC}") = "MoreSpeakers.Web", "MoreSpeakers.Web\MoreSpeakers.Web.csproj", "{2AA4E5CE-F163-4FFC-A160-BCFBE60D4492}"
EndProject
Project("{FAE04EC0-301F-11D3-BF4B-00C04F79EFBC}") = "MoreSpeakers.AppHost", "MoreSpeakers.AppHost\MoreSpeakers.AppHost.csproj", "{E0630104-F53A-4E79-9F78-384D53703829}"
EndProject
Project("{FAE04EC0-301F-11D3-BF4B-00C04F79EFBC}") = "MoreSpeakers.ServiceDefaults", "MoreSpeakers.ServiceDefaults\MoreSpeakers.ServiceDefaults.csproj", "{1F906499-C013-4551-B32E-66C36C6CB11C}"
EndProject
Project("{FAE04EC0-301F-11D3-BF4B-00C04F79EFBC}") = "MoreSpeakers.Tests", "MoreSpeakers.Tests\MoreSpeakers.Tests.csproj", "{A1B2C3D4-E5F6-7890-ABCD-EF1234567890}"
EndProject
Project("{2150E333-8FDC-42A3-9474-1A3956D46DE8}") = "ExtraStuff", "ExtraStuff", "{F237316C-4113-4191-9EF7-EFA8065ED236}"
	ProjectSection(SolutionItems) = preProject
		..\.gitignore = ..\.gitignore
		..\claude.md = ..\claude.md
		..\next-steps.md = ..\next-steps.md
		install-libman.ps1 = install-libman.ps1
		libman-restore.ps1 = libman-restore.ps1
		..\README.md = ..\README.md
		..\docs\architecture.md = ..\docs\architecture.md
		..\docs\database_overview.md = ..\docs\database_overview.md
		..\docs\deployment_guide.md = ..\docs\deployment_guide.md
		..\.github\workflows\main_web-more-speakers.yml = ..\.github\workflows\main_web-more-speakers.yml
		..\docs\Custom-Icon-Design-Flatastic-11-Megaphone.512.png = ..\docs\Custom-Icon-Design-Flatastic-11-Megaphone.512.png
		..\docs\icon-readme.md = ..\docs\icon-readme.md
	EndProjectSection
EndProject
Project("{2150E333-8FDC-42A3-9474-1A3956D46DE8}") = "SQLServer", "SQLServer", "{6385B702-FE45-4AEF-93CC-E724BEC47B0D}"
	ProjectSection(SolutionItems) = preProject
		..\scripts\database\create-database.sql = ..\scripts\database\create-database.sql
		..\scripts\database\create-functions.sql = ..\scripts\database\create-functions.sql
		..\scripts\database\create-tables.sql = ..\scripts\database\create-tables.sql
		..\scripts\database\create-views.sql = ..\scripts\database\create-views.sql
		..\scripts\database\seed-data.sql = ..\scripts\database\seed-data.sql
		..\scripts\database\delete-user.sql = ..\scripts\database\delete-user.sql
	EndProjectSection
EndProject
Global
	GlobalSection(SolutionConfigurationPlatforms) = preSolution
		Debug|Any CPU = Debug|Any CPU
		Release|Any CPU = Release|Any CPU
	EndGlobalSection
	GlobalSection(ProjectConfigurationPlatforms) = postSolution
		{2AA4E5CE-F163-4FFC-A160-BCFBE60D4492}.Debug|Any CPU.ActiveCfg = Debug|Any CPU
		{2AA4E5CE-F163-4FFC-A160-BCFBE60D4492}.Debug|Any CPU.Build.0 = Debug|Any CPU
		{2AA4E5CE-F163-4FFC-A160-BCFBE60D4492}.Release|Any CPU.ActiveCfg = Release|Any CPU
		{2AA4E5CE-F163-4FFC-A160-BCFBE60D4492}.Release|Any CPU.Build.0 = Release|Any CPU
		{E0630104-F53A-4E79-9F78-384D53703829}.Debug|Any CPU.ActiveCfg = Debug|Any CPU
		{E0630104-F53A-4E79-9F78-384D53703829}.Debug|Any CPU.Build.0 = Debug|Any CPU
		{E0630104-F53A-4E79-9F78-384D53703829}.Release|Any CPU.ActiveCfg = Release|Any CPU
		{E0630104-F53A-4E79-9F78-384D53703829}.Release|Any CPU.Build.0 = Release|Any CPU
		{1F906499-C013-4551-B32E-66C36C6CB11C}.Debug|Any CPU.ActiveCfg = Debug|Any CPU
		{1F906499-C013-4551-B32E-66C36C6CB11C}.Debug|Any CPU.Build.0 = Debug|Any CPU
		{1F906499-C013-4551-B32E-66C36C6CB11C}.Release|Any CPU.ActiveCfg = Release|Any CPU
		{1F906499-C013-4551-B32E-66C36C6CB11C}.Release|Any CPU.Build.0 = Release|Any CPU
		{A1B2C3D4-E5F6-7890-ABCD-EF1234567890}.Debug|Any CPU.ActiveCfg = Debug|Any CPU
		{A1B2C3D4-E5F6-7890-ABCD-EF1234567890}.Debug|Any CPU.Build.0 = Debug|Any CPU
		{A1B2C3D4-E5F6-7890-ABCD-EF1234567890}.Release|Any CPU.ActiveCfg = Release|Any CPU
		{A1B2C3D4-E5F6-7890-ABCD-EF1234567890}.Release|Any CPU.Build.0 = Release|Any CPU
	EndGlobalSection
EndGlobal
