
Microsoft Visual Studio Solution File, Format Version 12.00
# Visual Studio Version 18
VisualStudioVersion = 18.0.11104.47
MinimumVisualStudioVersion = 10.0.40219.1
Project("{FAE04EC0-301F-11D3-BF4B-00C04F79EFBC}") = "MoreSpeakers.Web", "MoreSpeakers.Web\MoreSpeakers.Web.csproj", "{2AA4E5CE-F163-4FFC-A160-BCFBE60D4492}"
EndProject
Project("{FAE04EC0-301F-11D3-BF4B-00C04F79EFBC}") = "MoreSpeakers.AppHost", "MoreSpeakers.AppHost\MoreSpeakers.AppHost.csproj", "{E0630104-F53A-4E79-9F78-384D53703829}"
EndProject
Project("{FAE04EC0-301F-11D3-BF4B-00C04F79EFBC}") = "MoreSpeakers.ServiceDefaults", "MoreSpeakers.ServiceDefaults\MoreSpeakers.ServiceDefaults.csproj", "{1F906499-C013-4551-B32E-66C36C6CB11C}"
EndProject
Project("{FAE04EC0-301F-11D3-BF4B-00C04F79EFBC}") = "MoreSpeakers.Tests", "MoreSpeakers.Tests\MoreSpeakers.Tests.csproj", "{A1B2C3D4-E5F6-7890-ABCD-EF1234567890}"
EndProject
Project("{2150E333-8FDC-42A3-9474-1A3956D46DE8}") = "ExtraStuff", "ExtraStuff", "{F237316C-4113-4191-9EF7-EFA8065ED236}"
	ProjectSection(SolutionItems) = preProject
		.editorconfig = .editorconfig
		..\.gitignore = ..\.gitignore
		..\docs\architecture.md = ..\docs\architecture.md
		..\claude.md = ..\claude.md
		..\docs\Custom-Icon-Design-Flatastic-11-Megaphone.512.png = ..\docs\Custom-Icon-Design-Flatastic-11-Megaphone.512.png
		..\docs\database_overview.md = ..\docs\database_overview.md
		..\docs\deployment_guide.md = ..\docs\deployment_guide.md
		..\docs\icon-readme.md = ..\docs\icon-readme.md
		install-libman.ps1 = install-libman.ps1
		libman-restore.ps1 = libman-restore.ps1
		..\next-steps.md = ..\next-steps.md
		..\.github\workflows\publish-function-app.yml = ..\.github\workflows\publish-function-app.yml
		..\.github\workflows\publish-web-app.yml = ..\.github\workflows\publish-web-app.yml
		..\README.md = ..\README.md
		..\docs\developer-startup.md = ..\docs\developer-startup.md
	EndProjectSection
EndProject
Project("{FAE04EC0-301F-11D3-BF4B-00C04F79EFBC}") = "MoreSpeakers.Managers", "MoreSpeakers.Managers\MoreSpeakers.Managers.csproj", "{C3DF31E7-C67C-44C7-B629-4FB470E9F5CE}"
EndProject
Project("{2150E333-8FDC-42A3-9474-1A3956D46DE8}") = "SQLServer", "SQLServer", "{6385B702-FE45-4AEF-93CC-E724BEC47B0D}"
	ProjectSection(SolutionItems) = preProject
		..\scripts\database\create-database.sql = ..\scripts\database\create-database.sql
		..\scripts\database\create-functions.sql = ..\scripts\database\create-functions.sql
		..\scripts\database\create-tables.sql = ..\scripts\database\create-tables.sql
		..\scripts\database\create-views.sql = ..\scripts\database\create-views.sql
		..\scripts\database\delete-user.sql = ..\scripts\database\delete-user.sql
		..\scripts\database\seed-data.sql = ..\scripts\database\seed-data.sql
	EndProjectSection
EndProject
Project("{FAE04EC0-301F-11D3-BF4B-00C04F79EFBC}") = "MoreSpeakers.Domain", "MoreSpeakers.Domain\MoreSpeakers.Domain.csproj", "{F199AA32-6627-426E-B9C2-710FE5C6F43E}"
EndProject
Project("{FAE04EC0-301F-11D3-BF4B-00C04F79EFBC}") = "MoreSpeakers.Functions", "MoreSpeakers.Functions\MoreSpeakers.Functions.csproj", "{AA38EDCA-5D11-9436-207B-64761E36719F}"
EndProject
Project("{FAE04EC0-301F-11D3-BF4B-00C04F79EFBC}") = "MoreSpeakers.Data", "MoreSpeakers.Data\MoreSpeakers.Data.csproj", "{C3D185A8-D129-44F3-B716-756349ED0C6A}"
EndProject
Project("{FAE04EC0-301F-11D3-BF4B-00C04F79EFBC}") = "MoreSpeakers.Data.Tests", "MoreSpeakers.Data.Tests\MoreSpeakers.Data.Tests.csproj", "{972C4670-4A50-455B-88B6-8A4E23AE619D}"
EndProject
Project("{FAE04EC0-301F-11D3-BF4B-00C04F79EFBC}") = "MoreSpeakers.Managers.Tests", "MoreSpeakers.Managers.Tests\MoreSpeakers.Managers.Tests.csproj", "{58032E76-8158-4EAC-9463-41DFEDB450C6}"
EndProject
Global
	GlobalSection(SolutionConfigurationPlatforms) = preSolution
		Debug|Any CPU = Debug|Any CPU
		Release|Any CPU = Release|Any CPU
	EndGlobalSection
	GlobalSection(ProjectConfigurationPlatforms) = postSolution
		{2AA4E5CE-F163-4FFC-A160-BCFBE60D4492}.Debug|Any CPU.ActiveCfg = Debug|Any CPU
		{2AA4E5CE-F163-4FFC-A160-BCFBE60D4492}.Debug|Any CPU.Build.0 = Debug|Any CPU
		{2AA4E5CE-F163-4FFC-A160-BCFBE60D4492}.Release|Any CPU.ActiveCfg = Release|Any CPU
		{2AA4E5CE-F163-4FFC-A160-BCFBE60D4492}.Release|Any CPU.Build.0 = Release|Any CPU
		{E0630104-F53A-4E79-9F78-384D53703829}.Debug|Any CPU.ActiveCfg = Debug|Any CPU
		{E0630104-F53A-4E79-9F78-384D53703829}.Debug|Any CPU.Build.0 = Debug|Any CPU
		{E0630104-F53A-4E79-9F78-384D53703829}.Release|Any CPU.ActiveCfg = Release|Any CPU
		{E0630104-F53A-4E79-9F78-384D53703829}.Release|Any CPU.Build.0 = Release|Any CPU
		{1F906499-C013-4551-B32E-66C36C6CB11C}.Debug|Any CPU.ActiveCfg = Debug|Any CPU
		{1F906499-C013-4551-B32E-66C36C6CB11C}.Debug|Any CPU.Build.0 = Debug|Any CPU
		{1F906499-C013-4551-B32E-66C36C6CB11C}.Release|Any CPU.ActiveCfg = Release|Any CPU
		{1F906499-C013-4551-B32E-66C36C6CB11C}.Release|Any CPU.Build.0 = Release|Any CPU
		{A1B2C3D4-E5F6-7890-ABCD-EF1234567890}.Debug|Any CPU.ActiveCfg = Debug|Any CPU
		{A1B2C3D4-E5F6-7890-ABCD-EF1234567890}.Debug|Any CPU.Build.0 = Debug|Any CPU
		{A1B2C3D4-E5F6-7890-ABCD-EF1234567890}.Release|Any CPU.ActiveCfg = Release|Any CPU
		{A1B2C3D4-E5F6-7890-ABCD-EF1234567890}.Release|Any CPU.Build.0 = Release|Any CPU
		{C3DF31E7-C67C-44C7-B629-4FB470E9F5CE}.Debug|Any CPU.ActiveCfg = Debug|Any CPU
		{C3DF31E7-C67C-44C7-B629-4FB470E9F5CE}.Debug|Any CPU.Build.0 = Debug|Any CPU
		{C3DF31E7-C67C-44C7-B629-4FB470E9F5CE}.Release|Any CPU.ActiveCfg = Release|Any CPU
		{C3DF31E7-C67C-44C7-B629-4FB470E9F5CE}.Release|Any CPU.Build.0 = Release|Any CPU
		{F199AA32-6627-426E-B9C2-710FE5C6F43E}.Debug|Any CPU.ActiveCfg = Debug|Any CPU
		{F199AA32-6627-426E-B9C2-710FE5C6F43E}.Debug|Any CPU.Build.0 = Debug|Any CPU
		{F199AA32-6627-426E-B9C2-710FE5C6F43E}.Release|Any CPU.ActiveCfg = Release|Any CPU
		{F199AA32-6627-426E-B9C2-710FE5C6F43E}.Release|Any CPU.Build.0 = Release|Any CPU
		{AA38EDCA-5D11-9436-207B-64761E36719F}.Debug|Any CPU.ActiveCfg = Debug|Any CPU
		{AA38EDCA-5D11-9436-207B-64761E36719F}.Debug|Any CPU.Build.0 = Debug|Any CPU
		{AA38EDCA-5D11-9436-207B-64761E36719F}.Release|Any CPU.ActiveCfg = Release|Any CPU
		{AA38EDCA-5D11-9436-207B-64761E36719F}.Release|Any CPU.Build.0 = Release|Any CPU
		{C3D185A8-D129-44F3-B716-756349ED0C6A}.Debug|Any CPU.ActiveCfg = Debug|Any CPU
		{C3D185A8-D129-44F3-B716-756349ED0C6A}.Debug|Any CPU.Build.0 = Debug|Any CPU
		{C3D185A8-D129-44F3-B716-756349ED0C6A}.Release|Any CPU.ActiveCfg = Release|Any CPU
		{C3D185A8-D129-44F3-B716-756349ED0C6A}.Release|Any CPU.Build.0 = Release|Any CPU
		{972C4670-4A50-455B-88B6-8A4E23AE619D}.Debug|Any CPU.ActiveCfg = Debug|Any CPU
		{972C4670-4A50-455B-88B6-8A4E23AE619D}.Debug|Any CPU.Build.0 = Debug|Any CPU
		{972C4670-4A50-455B-88B6-8A4E23AE619D}.Release|Any CPU.ActiveCfg = Release|Any CPU
		{972C4670-4A50-455B-88B6-8A4E23AE619D}.Release|Any CPU.Build.0 = Release|Any CPU
		{58032E76-8158-4EAC-9463-41DFEDB450C6}.Debug|Any CPU.ActiveCfg = Debug|Any CPU
		{58032E76-8158-4EAC-9463-41DFEDB450C6}.Debug|Any CPU.Build.0 = Debug|Any CPU
		{58032E76-8158-4EAC-9463-41DFEDB450C6}.Release|Any CPU.ActiveCfg = Release|Any CPU
		{58032E76-8158-4EAC-9463-41DFEDB450C6}.Release|Any CPU.Build.0 = Release|Any CPU
	EndGlobalSection
	GlobalSection(SolutionProperties) = preSolution
		HideSolutionNode = FALSE
	EndGlobalSection
	GlobalSection(ExtensibilityGlobals) = postSolution
		SolutionGuid = {CC32AB96-AE47-433F-86EF-F3713EAB8482}
	EndGlobalSection
EndGlobal
